
Microsoft Visual Studio Solution File, Format Version 12.00
# Visual Studio 15
VisualStudioVersion = 15.0.28010.2026
MinimumVisualStudioVersion = 10.0.40219.1
Project("{FAE04EC0-301F-11D3-BF4B-00C04F79EFBC}") = "SnippetsBasicDotNetStandard", "SnippetsBasicDotNetStandard\SnippetsBasicDotNetStandard.csproj", "{D02A3849-430F-462A-9641-C2CADDCD04D3}"
EndProject
Global
	GlobalSection(SolutionConfigurationPlatforms) = preSolution
		Debug|Any CPU = Debug|Any CPU
		Release|Any CPU = Release|Any CPU
	EndGlobalSection
	GlobalSection(ProjectConfigurationPlatforms) = postSolution
		{D02A3849-430F-462A-9641-C2CADDCD04D3}.Debug|Any CPU.ActiveCfg = Debug|Any CPU
		{D02A3849-430F-462A-9641-C2CADDCD04D3}.Debug|Any CPU.Build.0 = Debug|Any CPU
		{D02A3849-430F-462A-9641-C2CADDCD04D3}.Release|Any CPU.ActiveCfg = Release|Any CPU
		{D02A3849-430F-462A-9641-C2CADDCD04D3}.Release|Any CPU.Build.0 = Release|Any CPU
	EndGlobalSection
	GlobalSection(SolutionProperties) = preSolution
		HideSolutionNode = FALSE
	EndGlobalSection
	GlobalSection(ExtensibilityGlobals) = postSolution
		SolutionGuid = {BB7AA90F-40EF-4151-A9FB-B5C5A54480D0}
	EndGlobalSection
EndGlobal
